{
  "originHash" : "436ce3b537c82f8bb2496cf1564574dfcf8c99853430e707c9577ba1b09c08f1",
  "pins" : [
    {
      "identity" : "mobwithadsdk_spm",
      "kind" : "remoteSourceControl",
      "location" : "git@github.com:mobon/MobWithAdSDK_SPM.git",
      "state" : {
        "revision" : "bc3c09941e50ec434afaf84dbc92e6128d3e210d",
        "version" : "1.3.24"
      }
    }
  ],
  "version" : 3
}
